<?xml version="1.0" encoding="utf-8"?>
<Project ToolsVersion="4.0" xmlns="http://schemas.microsoft.com/developer/msbuild/2003">
  <ItemGroup>
    <Filter Include="Resource Files">
      <UniqueIdentifier>{67DA6AB6-F800-4c08-8B7A-83BB121AAD01}</UniqueIdentifier>
      <Extensions>rc;ico;cur;bmp;dlg;rc2;rct;bin;rgs;gif;jpg;jpeg;jpe;resx;tiff;tif;png;wav;mfcribbon-ms</Extensions>
    </Filter>
    <Filter Include="RipeGrain">
      <UniqueIdentifier>{28f59aed-916f-4eef-ac67-52935a2199e2}</UniqueIdentifier>
    </Filter>
    <Filter Include="Source Files">
      <UniqueIdentifier>{a0c14720-4913-424b-993d-411fcfc88d1f}</UniqueIdentifier>
    </Filter>
    <Filter Include="Header Files">
      <UniqueIdentifier>{93995380-89BD-4b04-88EB-625FBE52EBFB}</UniqueIdentifier>
      <Extensions>h;hh;hpp;hxx;h++;hm;inl;inc;ipp;xsd</Extensions>
    </Filter>
    <Filter Include="RipeGrain\Header Files">
      <UniqueIdentifier>{12d16e70-8edd-4f3e-8801-d82be4d8ef39}</UniqueIdentifier>
    </Filter>
    <Filter Include="RipeGrain\Source Files">
      <UniqueIdentifier>{4FC737F1-C7A5-4376-A066-2A32D752A2FF}</UniqueIdentifier>
      <Extensions>cpp;c;cc;cxx;c++;cppm;ixx;def;odl;idl;hpj;bat;asm;asmx</Extensions>
    </Filter>
    <Filter Include="Libs">
      <UniqueIdentifier>{5b2fb9f9-2be1-42c1-9548-19bc02b3219e}</UniqueIdentifier>
    </Filter>
  </ItemGroup>
  <ItemGroup>
    <ClInclude Include="RipeGrain\Audio.h">
      <Filter>RipeGrain\Header Files</Filter>
    </ClInclude>
    <ClInclude Include="RipeGrain\BoxCollider.h">
      <Filter>RipeGrain\Header Files</Filter>
    </ClInclude>
    <ClInclude Include="RipeGrain\EngineComponent.h">
      <Filter>RipeGrain\Header Files</Filter>
    </ClInclude>
    <ClInclude Include="RipeGrain\Event.h">
      <Filter>RipeGrain\Header Files</Filter>
    </ClInclude>
    <ClInclude Include="RipeGrain\RepulsiveEngine\Font.h">
      <Filter>RipeGrain\Header Files</Filter>
    </ClInclude>
    <ClInclude Include="RipeGrain\RepulsiveEngine\GDIPlusManager.h">
      <Filter>RipeGrain\Header Files</Filter>
    </ClInclude>
    <ClInclude Include="RipeGrain\RepulsiveEngine\Image.h">
      <Filter>RipeGrain\Header Files</Filter>
    </ClInclude>
    <ClInclude Include="RipeGrain\RepulsiveEngine\ImageSprite.h">
      <Filter>RipeGrain\Header Files</Filter>
    </ClInclude>
    <ClInclude Include="RipeGrain\MapLoader.h">
      <Filter>RipeGrain\Header Files</Filter>
    </ClInclude>
    <ClInclude Include="RipeGrain\ObjectAnimator.h">
      <Filter>RipeGrain\Header Files</Filter>
    </ClInclude>
    <ClInclude Include="RipeGrain\RepulsiveEngine\RenderCommandEngine.h">
      <Filter>RipeGrain\Header Files</Filter>
    </ClInclude>
    <ClInclude Include="RipeGrain\RepulsiveEngine\RenderDevice.h">
      <Filter>RipeGrain\Header Files</Filter>
    </ClInclude>
    <ClInclude Include="RipeGrain\RepulsiveEngine\ResourceEngine.h">
      <Filter>RipeGrain\Header Files</Filter>
    </ClInclude>
    <ClInclude Include="RipeGrain\SceneLayer.h">
      <Filter>RipeGrain\Header Files</Filter>
    </ClInclude>
    <ClInclude Include="RipeGrain\SceneManager.h">
      <Filter>RipeGrain\Header Files</Filter>
    </ClInclude>
    <ClInclude Include="RipeGrain\SceneObject.h">
      <Filter>RipeGrain\Header Files</Filter>
    </ClInclude>
    <ClInclude Include="RipeGrain\RepulsiveEngine\Sprite.h">
      <Filter>RipeGrain\Header Files</Filter>
    </ClInclude>
    <ClInclude Include="RipeGrain\RepulsiveEngine\StencilBuffer.h">
      <Filter>RipeGrain\Header Files</Filter>
    </ClInclude>
    <ClInclude Include="RipeGrain\RepulsiveEngine\Texture.h">
      <Filter>RipeGrain\Header Files</Filter>
    </ClInclude>
    <ClInclude Include="RipeGrain\UIComponent.h">
      <Filter>RipeGrain\Header Files</Filter>
    </ClInclude>
    <ClInclude Include="RipeGrain\UILayer.h">
      <Filter>RipeGrain\Header Files</Filter>
    </ClInclude>
    <ClInclude Include="FireFlyeScene.h">
      <Filter>Header Files</Filter>
    </ClInclude>
  </ItemGroup>
  <ItemGroup>
    <ClCompile Include="Source.cpp">
      <Filter>Source Files</Filter>
    </ClCompile>
    <ClCompile Include="BaseScene.h">
      <Filter>Header Files</Filter>
    </ClCompile>
    <ClCompile Include="RipeGrain\RepulsiveEngine\GDIPlusManager.cpp">
      <Filter>RipeGrain\Source Files</Filter>
    </ClCompile>
    <ClCompile Include="RipeGrain\RepulsiveEngine\Image.cpp">
      <Filter>RipeGrain\Source Files</Filter>
    </ClCompile>
  </ItemGroup>
  <ItemGroup>
    <CopyFileToFolders Include="FlyeManager.dll">
      <Filter>Libs</Filter>
    </CopyFileToFolders>
  </ItemGroup>
</Project>